// !$*UTF8*$!
{
	archiveVersion = 1;
	classes = {
	};
	objectVersion = 50;
	objects = {

/* Begin PBXBuildFile section */
		005A57EC26C3735A004F0093 /* Opcion2ViewController.swift in Sources */ = {isa = PBXBuildFile; fileRef = 005A57EB26C3735A004F0093 /* Opcion2ViewController.swift */; };
		005A57EE26C37387004F0093 /* Opcion3ViewController.swift in Sources */ = {isa = PBXBuildFile; fileRef = 005A57ED26C37387004F0093 /* Opcion3ViewController.swift */; };
		005A57F026C37DEC004F0093 /* Cuadrado.swift in Sources */ = {isa = PBXBuildFile; fileRef = 005A57EF26C37DEC004F0093 /* Cuadrado.swift */; };
		007F48BD26BB9EC8005DC0C5 /* AppDelegate.swift in Sources */ = {isa = PBXBuildFile; fileRef = 007F48BC26BB9EC8005DC0C5 /* AppDelegate.swift */; };
		007F48BF26BB9EC8005DC0C5 /* SceneDelegate.swift in Sources */ = {isa = PBXBuildFile; fileRef = 007F48BE26BB9EC8005DC0C5 /* SceneDelegate.swift */; };
		007F48C126BB9EC8005DC0C5 /* ViewController.swift in Sources */ = {isa = PBXBuildFile; fileRef = 007F48C026BB9EC8005DC0C5 /* ViewController.swift */; };
		007F48C426BB9EC8005DC0C5 /* Main.storyboard in Resources */ = {isa = PBXBuildFile; fileRef = 007F48C226BB9EC8005DC0C5 /* Main.storyboard */; };
		007F48C626BB9ECB005DC0C5 /* Assets.xcassets in Resources */ = {isa = PBXBuildFile; fileRef = 007F48C526BB9ECB005DC0C5 /* Assets.xcassets */; };
		007F48C926BB9ECB005DC0C5 /* LaunchScreen.storyboard in Resources */ = {isa = PBXBuildFile; fileRef = 007F48C726BB9ECB005DC0C5 /* LaunchScreen.storyboard */; };
		007F48D126C0E2CC005DC0C5 /* Opcion1ViewController.swift in Sources */ = {isa = PBXBuildFile; fileRef = 007F48D026C0E2CC005DC0C5 /* Opcion1ViewController.swift */; };
/* End PBXBuildFile section */

/* Begin PBXFileReference section */
		005A57EB26C3735A004F0093 /* Opcion2ViewController.swift */ = {isa = PBXFileReference; lastKnownFileType = sourcecode.swift; path = Opcion2ViewController.swift; sourceTree = "<group>"; };
		005A57ED26C37387004F0093 /* Opcion3ViewController.swift */ = {isa = PBXFileReference; lastKnownFileType = sourcecode.swift; path = Opcion3ViewController.swift; sourceTree = "<group>"; };
		005A57EF26C37DEC004F0093 /* Cuadrado.swift */ = {isa = PBXFileReference; lastKnownFileType = sourcecode.swift; path = Cuadrado.swift; sourceTree = "<group>"; };
		007F48B926BB9EC8005DC0C5 /* Tarea.app */ = {isa = PBXFileReference; explicitFileType = wrapper.application; includeInIndex = 0; path = Tarea.app; sourceTree = BUILT_PRODUCTS_DIR; };
		007F48BC26BB9EC8005DC0C5 /* AppDelegate.swift */ = {isa = PBXFileReference; lastKnownFileType = sourcecode.swift; path = AppDelegate.swift; sourceTree = "<group>"; };
		007F48BE26BB9EC8005DC0C5 /* SceneDelegate.swift */ = {isa = PBXFileReference; lastKnownFileType = sourcecode.swift; path = SceneDelegate.swift; sourceTree = "<group>"; };
		007F48C026BB9EC8005DC0C5 /* ViewController.swift */ = {isa = PBXFileReference; lastKnownFileType = sourcecode.swift; path = ViewController.swift; sourceTree = "<group>"; };
		007F48C326BB9EC8005DC0C5 /* Base */ = {isa = PBXFileReference; lastKnownFileType = file.storyboard; name = Base; path = Base.lproj/Main.storyboard; sourceTree = "<group>"; };
		007F48C526BB9ECB005DC0C5 /* Assets.xcassets */ = {isa = PBXFileReference; lastKnownFileType = folder.assetcatalog; path = Assets.xcassets; sourceTree = "<group>"; };
		007F48C826BB9ECB005DC0C5 /* Base */ = {isa = PBXFileReference; lastKnownFileType = file.storyboard; name = Base; path = Base.lproj/LaunchScreen.storyboard; sourceTree = "<group>"; };
		007F48CA26BB9ECB005DC0C5 /* Info.plist */ = {isa = PBXFileReference; lastKnownFileType = text.plist.xml; path = Info.plist; sourceTree = "<group>"; };
		007F48D026C0E2CC005DC0C5 /* Opcion1ViewController.swift */ = {isa = PBXFileReference; lastKnownFileType = sourcecode.swift; path = Opcion1ViewController.swift; sourceTree = "<group>"; };
/* End PBXFileReference section */

/* Begin PBXFrameworksBuildPhase section */
		007F48B626BB9EC8005DC0C5 /* Frameworks */ = {
			isa = PBXFrameworksBuildPhase;
			buildActionMask = 2147483647;
			files = (
			);
			runOnlyForDeploymentPostprocessing = 0;
		};
/* End PBXFrameworksBuildPhase section */

/* Begin PBXGroup section */
		007F48B026BB9EC8005DC0C5 = {
			isa = PBXGroup;
			children = (
				007F48BB26BB9EC8005DC0C5 /* Tarea */,
				007F48BA26BB9EC8005DC0C5 /* Products */,
			);
			sourceTree = "<group>";
		};
		007F48BA26BB9EC8005DC0C5 /* Products */ = {
			isa = PBXGroup;
			children = (
				007F48B926BB9EC8005DC0C5 /* Tarea.app */,
			);
			name = Products;
			sourceTree = "<group>";
		};
		007F48BB26BB9EC8005DC0C5 /* Tarea */ = {
			isa = PBXGroup;
			children = (
				007F48BC26BB9EC8005DC0C5 /* AppDelegate.swift */,
				007F48BE26BB9EC8005DC0C5 /* SceneDelegate.swift */,
				007F48C026BB9EC8005DC0C5 /* ViewController.swift */,
				007F48C226BB9EC8005DC0C5 /* Main.storyboard */,
				007F48C526BB9ECB005DC0C5 /* Assets.xcassets */,
				007F48C726BB9ECB005DC0C5 /* LaunchScreen.storyboard */,
				007F48CA26BB9ECB005DC0C5 /* Info.plist */,
				007F48D026C0E2CC005DC0C5 /* Opcion1ViewController.swift */,
				005A57EB26C3735A004F0093 /* Opcion2ViewController.swift */,
				005A57ED26C37387004F0093 /* Opcion3ViewController.swift */,
				005A57EF26C37DEC004F0093 /* Cuadrado.swift */,
			);
			path = Tarea;
			sourceTree = "<group>";
		};
/* End PBXGroup section */

/* Begin PBXNativeTarget section */
		007F48B826BB9EC8005DC0C5 /* Tarea */ = {
			isa = PBXNativeTarget;
			buildConfigurationList = 007F48CD26BB9ECB005DC0C5 /* Build configuration list for PBXNativeTarget "Tarea" */;
			buildPhases = (
				007F48B526BB9EC8005DC0C5 /* Sources */,
				007F48B626BB9EC8005DC0C5 /* Frameworks */,
				007F48B726BB9EC8005DC0C5 /* Resources */,
			);
			buildRules = (
			);
			dependencies = (
			);
			name = Tarea;
			productName = Tarea;
			productReference = 007F48B926BB9EC8005DC0C5 /* Tarea.app */;
			productType = "com.apple.product-type.application";
		};
/* End PBXNativeTarget section */

/* Begin PBXProject section */
		007F48B126BB9EC8005DC0C5 /* Project object */ = {
			isa = PBXProject;
			attributes = {
				LastSwiftUpdateCheck = 1250;
				LastUpgradeCheck = 1250;
				TargetAttributes = {
					007F48B826BB9EC8005DC0C5 = {
						CreatedOnToolsVersion = 12.5.1;
					};
				};
			};
			buildConfigurationList = 007F48B426BB9EC8005DC0C5 /* Build configuration list for PBXProject "Tarea" */;
			compatibilityVersion = "Xcode 9.3";
			developmentRegion = en;
			hasScannedForEncodings = 0;
			knownRegions = (
				en,
				Base,
			);
			mainGroup = 007F48B026BB9EC8005DC0C5;
			productRefGroup = 007F48BA26BB9EC8005DC0C5 /* Products */;
			projectDirPath = "";
			projectRoot = "";
			targets = (
				007F48B826BB9EC8005DC0C5 /* Tarea */,
			);
		};
/* End PBXProject section */

/* Begin PBXResourcesBuildPhase section */
		007F48B726BB9EC8005DC0C5 /* Resources */ = {
			isa = PBXResourcesBuildPhase;
			buildActionMask = 2147483647;
			files = (
				007F48C926BB9ECB005DC0C5 /* LaunchScreen.storyboard in Resources */,
				007F48C626BB9ECB005DC0C5 /* Assets.xcassets in Resources */,
				007F48C426BB9EC8005DC0C5 /* Main.storyboard in Resources */,
			);
			runOnlyForDeploymentPostprocessing = 0;
		};
/* End PBXResourcesBuildPhase section */

/* Begin PBXSourcesBuildPhase section */
		007F48B526BB9EC8005DC0C5 /* Sources */ = {
			isa = PBXSourcesBuildPhase;
			buildActionMask = 2147483647;
			files = (
				007F48C126BB9EC8005DC0C5 /* ViewController.swift in Sources */,
				007F48BD26BB9EC8005DC0C5 /* AppDelegate.swift in Sources */,
				007F48D126C0E2CC005DC0C5 /* Opcion1ViewController.swift in Sources */,
				007F48BF26BB9EC8005DC0C5 /* SceneDelegate.swift in Sources */,
				005A57EE26C37387004F0093 /* Opcion3ViewController.swift in Sources */,
				005A57EC26C3735A004F0093 /* Opcion2ViewController.swift in Sources */,
				005A57F026C37DEC004F0093 /* Cuadrado.swift in Sources */,
			);
			runOnlyForDeploymentPostprocessing = 0;
		};
/* End PBXSourcesBuildPhase section */

/* Begin PBXVariantGroup section */
		007F48C226BB9EC8005DC0C5 /* Main.storyboard */ = {
			isa = PBXVariantGroup;
			children = (
				007F48C326BB9EC8005DC0C5 /* Base */,
			);
			name = Main.storyboard;
			sourceTree = "<group>";
		};
		007F48C726BB9ECB005DC0C5 /* LaunchScreen.storyboard */ = {
			isa = PBXVariantGroup;
			children = (
				007F48C826BB9ECB005DC0C5 /* Base */,
			);
			name = LaunchScreen.storyboard;
			sourceTree = "<group>";
		};
/* End PBXVariantGroup section */

/* Begin XCBuildConfiguration section */
		007F48CB26BB9ECB005DC0C5 /* Debug */ = {
			isa = XCBuildConfiguration;
			buildSettings = {
				ALWAYS_SEARCH_USER_PATHS = NO;
				CLANG_ANALYZER_NONNULL = YES;
				CLANG_ANALYZER_NUMBER_OBJECT_CONVERSION = YES_AGGRESSIVE;
				CLANG_CXX_LANGUAGE_STANDARD = "gnu++14";
				CLANG_CXX_LIBRARY = "libc++";
				CLANG_ENABLE_MODULES = YES;
				CLANG_ENABLE_OBJC_ARC = YES;
				CLANG_ENABLE_OBJC_WEAK = YES;
				CLANG_WARN_BLOCK_CAPTURE_AUTORELEASING = YES;
				CLANG_WARN_BOOL_CONVERSION = YES;
				CLANG_WARN_COMMA = YES;
				CLANG_WARN_CONSTANT_CONVERSION = YES;
				CLANG_WARN_DEPRECATED_OBJC_IMPLEMENTATIONS = YES;
				CLANG_WARN_DIRECT_OBJC_ISA_USAGE = YES_ERROR;
				CLANG_WARN_DOCUMENTATION_COMMENTS = YES;
				CLANG_WARN_EMPTY_BODY = YES;
				CLANG_WARN_ENUM_CONVERSION = YES;
				CLANG_WARN_INFINITE_RECURSION = YES;
				CLANG_WARN_INT_CONVERSION = YES;
				CLANG_WARN_NON_LITERAL_NULL_CONVERSION = YES;
				CLANG_WARN_OBJC_IMPLICIT_RETAIN_SELF = YES;
				CLANG_WARN_OBJC_LITERAL_CONVERSION = YES;
				CLANG_WARN_OBJC_ROOT_CLASS = YES_ERROR;
				CLANG_WARN_QUOTED_INCLUDE_IN_FRAMEWORK_HEADER = YES;
				CLANG_WARN_RANGE_LOOP_ANALYSIS = YES;
				CLANG_WARN_STRICT_PROTOTYPES = YES;
				CLANG_WARN_SUSPICIOUS_MOVE = YES;
				CLANG_WARN_UNGUARDED_AVAILABILITY = YES_AGGRESSIVE;
				CLANG_WARN_UNREACHABLE_CODE = YES;
				CLANG_WARN__DUPLICATE_METHOD_MATCH = YES;
				COPY_PHASE_STRIP = NO;
				DEBUG_INFORMATION_FORMAT = dwarf;
				ENABLE_STRICT_OBJC_MSGSEND = YES;
				ENABLE_TESTABILITY = YES;
				GCC_C_LANGUAGE_STANDARD = gnu11;
				GCC_DYNAMIC_NO_PIC = NO;
				GCC_NO_COMMON_BLOCKS = YES;
				GCC_OPTIMIZATION_LEVEL = 0;
				GCC_PREPROCESSOR_DEFINITIONS = (
					"DEBUG=1",
					"$(inherited)",
				);
				GCC_WARN_64_TO_32_BIT_CONVERSION = YES;
				GCC_WARN_ABOUT_RETURN_TYPE = YES_ERROR;
				GCC_WARN_UNDECLARED_SELECTOR = YES;
				GCC_WARN_UNINITIALIZED_AUTOS = YES_AGGRESSIVE;
				GCC_WARN_UNUSED_FUNCTION = YES;
				GCC_WARN_UNUSED_VARIABLE = YES;
				IPHONEOS_DEPLOYMENT_TARGET = 14.5;
				MTL_ENABLE_DEBUG_INFO = INCLUDE_SOURCE;
				MTL_FAST_MATH = YES;
				ONLY_ACTIVE_ARCH = YES;
				SDKROOT = iphoneos;
				SWIFT_ACTIVE_COMPILATION_CONDITIONS = DEBUG;
				SWIFT_OPTIMIZATION_LEVEL = "-Onone";
			};
			name = Debug;
		};
		007F48CC26BB9ECB005DC0C5 /* Release */ = {
			isa = XCBuildConfiguration;
			buildSettings = {
				ALWAYS_SEARCH_USER_PATHS = NO;
				CLANG_ANALYZER_NONNULL = YES;
				CLANG_ANALYZER_NUMBER_OBJECT_CONVERSION = YES_AGGRESSIVE;
				CLANG_CXX_LANGUAGE_STANDARD = "gnu++14";
				CLANG_CXX_LIBRARY = "libc++";
				CLANG_ENABLE_MODULES = YES;
				CLANG_ENABLE_OBJC_ARC = YES;
				CLANG_ENABLE_OBJC_WEAK = YES;
				CLANG_WARN_BLOCK_CAPTURE_AUTORELEASING = YES;
				CLANG_WARN_BOOL_CONVERSION = YES;
				CLANG_WARN_COMMA = YES;
				CLANG_WARN_CONSTANT_CONVERSION = YES;
				CLANG_WARN_DEPRECATED_OBJC_IMPLEMENTATIONS = YES;
				CLANG_WARN_DIRECT_OBJC_ISA_USAGE = YES_ERROR;
				CLANG_WARN_DOCUMENTATION_COMMENTS = YES;
				CLANG_WARN_EMPTY_BODY = YES;
				CLANG_WARN_ENUM_CONVERSION = YES;
				CLANG_WARN_INFINITE_RECURSION = YES;
				CLANG_WARN_INT_CONVERSION = YES;
				CLANG_WARN_NON_LITERAL_NULL_CONVERSION = YES;
				CLANG_WARN_OBJC_IMPLICIT_RETAIN_SELF = YES;
				CLANG_WARN_OBJC_LITERAL_CONVERSION = YES;
				CLANG_WARN_OBJC_ROOT_CLASS = YES_ERROR;
				CLANG_WARN_QUOTED_INCLUDE_IN_FRAMEWORK_HEADER = YES;
				CLANG_WARN_RANGE_LOOP_ANALYSIS = YES;
				CLANG_WARN_STRICT_PROTOTYPES = YES;
				CLANG_WARN_SUSPICIOUS_MOVE = YES;
				CLANG_WARN_UNGUARDED_AVAILABILITY = YES_AGGRESSIVE;
				CLANG_WARN_UNREACHABLE_CODE = YES;
				CLANG_WARN__DUPLICATE_METHOD_MATCH = YES;
				COPY_PHASE_STRIP = NO;
				DEBUG_INFORMATION_FORMAT = "dwarf-with-dsym";
				ENABLE_NS_ASSERTIONS = NO;
				ENABLE_STRICT_OBJC_MSGSEND = YES;
				GCC_C_LANGUAGE_STANDARD = gnu11;
				GCC_NO_COMMON_BLOCKS = YES;
				GCC_WARN_64_TO_32_BIT_CONVERSION = YES;
				GCC_WARN_ABOUT_RETURN_TYPE = YES_ERROR;
				GCC_WARN_UNDECLARED_SELECTOR = YES;
				GCC_WARN_UNINITIALIZED_AUTOS = YES_AGGRESSIVE;
				GCC_WARN_UNUSED_FUNCTION = YES;
				GCC_WARN_UNUSED_VARIABLE = YES;
				IPHONEOS_DEPLOYMENT_TARGET = 14.5;
				MTL_ENABLE_DEBUG_INFO = NO;
				MTL_FAST_MATH = YES;
				SDKROOT = iphoneos;
				SWIFT_COMPILATION_MODE = wholemodule;
				SWIFT_OPTIMIZATION_LEVEL = "-O";
				VALIDATE_PRODUCT = YES;
			};
			name = Release;
		};
		007F48CE26BB9ECB005DC0C5 /* Debug */ = {
			isa = XCBuildConfiguration;
			buildSettings = {
				ASSETCATALOG_COMPILER_APPICON_NAME = AppIcon;
				ASSETCATALOG_COMPILER_GLOBAL_ACCENT_COLOR_NAME = AccentColor;
				CODE_SIGN_STYLE = Automatic;
				DEVELOPMENT_TEAM = LSZ5278572;
				INFOPLIST_FILE = Tarea/Info.plist;
				LD_RUNPATH_SEARCH_PATHS = (
					"$(inherited)",
					"@executable_path/Frameworks",
				);
				PRODUCT_BUNDLE_IDENTIFIER = com.brianalvis.Tarea;
				PRODUCT_NAME = "$(TARGET_NAME)";
				SWIFT_VERSION = 5.0;
				TARGETED_DEVICE_FAMILY = "1,2";
			};
			name = Debug;
		};
		007F48CF26BB9ECB005DC0C5 /* Release */ = {
			isa = XCBuildConfiguration;
			buildSettings = {
				ASSETCATALOG_COMPILER_APPICON_NAME = AppIcon;
				ASSETCATALOG_COMPILER_GLOBAL_ACCENT_COLOR_NAME = AccentColor;
				CODE_SIGN_STYLE = Automatic;
				DEVELOPMENT_TEAM = LSZ5278572;
				INFOPLIST_FILE = Tarea/Info.plist;
				LD_RUNPATH_SEARCH_PATHS = (
					"$(inherited)",
					"@executable_path/Frameworks",
				);
				PRODUCT_BUNDLE_IDENTIFIER = com.brianalvis.Tarea;
				PRODUCT_NAME = "$(TARGET_NAME)";
				SWIFT_VERSION = 5.0;
				TARGETED_DEVICE_FAMILY = "1,2";
			};
			name = Release;
		};
/* End XCBuildConfiguration section */

/* Begin XCConfigurationList section */
		007F48B426BB9EC8005DC0C5 /* Build configuration list for PBXProject "Tarea" */ = {
			isa = XCConfigurationList;
			buildConfigurations = (
				007F48CB26BB9ECB005DC0C5 /* Debug */,
				007F48CC26BB9ECB005DC0C5 /* Release */,
			);
			defaultConfigurationIsVisible = 0;
			defaultConfigurationName = Release;
		};
		007F48CD26BB9ECB005DC0C5 /* Build configuration list for PBXNativeTarget "Tarea" */ = {
			isa = XCConfigurationList;
			buildConfigurations = (
				007F48CE26BB9ECB005DC0C5 /* Debug */,
				007F48CF26BB9ECB005DC0C5 /* Release */,
			);
			defaultConfigurationIsVisible = 0;
			defaultConfigurationName = Release;
		};
/* End XCConfigurationList section */
	};
	rootObject = 007F48B126BB9EC8005DC0C5 /* Project object */;
}
